
Microsoft Visual Studio Solution File, Format Version 12.00
# Visual Studio Version 17
VisualStudioVersion = 17.8.34525.116
MinimumVisualStudioVersion = 10.0.40219.1
Project("{FAE04EC0-301F-11D3-BF4B-00C04F79EFBC}") = "ConsoleApp2", "ConsoleApp2\ConsoleApp2.csproj", "{79F69262-6B10-4E09-95C8-0986D08F1AFB}"
EndProject
Global
	GlobalSection(SolutionConfigurationPlatforms) = preSolution
		Debug|Any CPU = Debug|Any CPU
		Release|Any CPU = Release|Any CPU
	EndGlobalSection
	GlobalSection(ProjectConfigurationPlatforms) = postSolution
		{79F69262-6B10-4E09-95C8-0986D08F1AFB}.Debug|Any CPU.ActiveCfg = Debug|Any CPU
		{79F69262-6B10-4E09-95C8-0986D08F1AFB}.Debug|Any CPU.Build.0 = Debug|Any CPU
		{79F69262-6B10-4E09-95C8-0986D08F1AFB}.Release|Any CPU.ActiveCfg = Release|Any CPU
		{79F69262-6B10-4E09-95C8-0986D08F1AFB}.Release|Any CPU.Build.0 = Release|Any CPU
	EndGlobalSection
	GlobalSection(SolutionProperties) = preSolution
		HideSolutionNode = FALSE
	EndGlobalSection
	GlobalSection(ExtensibilityGlobals) = postSolution
		SolutionGuid = {304AD3D2-4BE7-425F-AFBC-2BD29EB1F278}
	EndGlobalSection
EndGlobal
